# This file is automatically @generated by Cargo.
# It is not intended for manual editing.
version = 4

[[package]]
name = "mboot-protocol"
version = "0.1.0"

[[package]]
name = "mbootd"
version = "0.1.0"
dependencies = [
 "mboot-protocol",
]

[[package]]
name = "mock-mochios-agent"
version = "0.1.0"
dependencies = [
 "mboot-protocol",
]
